
Microsoft Visual Studio Solution File, Format Version 12.00
# Visual Studio Version 17
VisualStudioVersion = 17.0.31903.59
MinimumVisualStudioVersion = 10.0.40219.1
Project("{FAE04EC0-301F-11D3-BF4B-00C04F79EFBC}") = "ContactManager", "ContactManager\ContactManager.csproj", "{064EBE03-941E-4D71-801E-2FEA526DAB8E}"
EndProject
Global
	GlobalSection(SolutionConfigurationPlatforms) = preSolution
		Debug|Any CPU = Debug|Any CPU
		Release|Any CPU = Release|Any CPU
	EndGlobalSection
	GlobalSection(ProjectConfigurationPlatforms) = postSolution
		{064EBE03-941E-4D71-801E-2FEA526DAB8E}.Debug|Any CPU.ActiveCfg = Debug|Any CPU
		{064EBE03-941E-4D71-801E-2FEA526DAB8E}.Debug|Any CPU.Build.0 = Debug|Any CPU
		{064EBE03-941E-4D71-801E-2FEA526DAB8E}.Release|Any CPU.ActiveCfg = Release|Any CPU
		{064EBE03-941E-4D71-801E-2FEA526DAB8E}.Release|Any CPU.Build.0 = Release|Any CPU
	EndGlobalSection
	GlobalSection(SolutionProperties) = preSolution
		HideSolutionNode = FALSE
	EndGlobalSection
	GlobalSection(ExtensibilityGlobals) = postSolution
		SolutionGuid = {B5BA430C-D19F-4C98-853C-F6FCFCEDABBB}
	EndGlobalSection
EndGlobal
